
Microsoft Visual Studio Solution File, Format Version 12.00
# Visual Studio Version 17
VisualStudioVersion = 17.3.32929.385
MinimumVisualStudioVersion = 10.0.40219.1
Project("{9A19103F-16F7-4668-BE54-9A1E7A4F7556}") = "WebAPI", "WebAPI\WebAPI.csproj", "{9B772A68-CF03-4418-8B38-A66B73899C3E}"
EndProject
Project("{9A19103F-16F7-4668-BE54-9A1E7A4F7556}") = "Domain", "Domain\Domain.csproj", "{A4F6D737-EEF7-428E-B351-2F448C51A820}"
EndProject
Project("{9A19103F-16F7-4668-BE54-9A1E7A4F7556}") = "FileData", "FileData\FileData.csproj", "{19E60F27-26AC-46D6-89EA-306B84397AD6}"
EndProject
Project("{9A19103F-16F7-4668-BE54-9A1E7A4F7556}") = "Application", "Application\Application.csproj", "{53586A1B-7A8D-486A-A647-ACEE56D40FC9}"
EndProject
Project("{9A19103F-16F7-4668-BE54-9A1E7A4F7556}") = "BlazorWASM", "BlazorWASM\BlazorWASM.csproj", "{4EB07D13-46D5-4FFF-98B7-8EF32402E065}"
EndProject
Project("{9A19103F-16F7-4668-BE54-9A1E7A4F7556}") = "HttpClients", "HttpClients\HttpClients.csproj", "{45114A58-80A3-4520-96AE-8EF1B0C89F20}"
EndProject
Global
	GlobalSection(SolutionConfigurationPlatforms) = preSolution
		Debug|Any CPU = Debug|Any CPU
		Release|Any CPU = Release|Any CPU
	EndGlobalSection
	GlobalSection(ProjectConfigurationPlatforms) = postSolution
		{9B772A68-CF03-4418-8B38-A66B73899C3E}.Debug|Any CPU.ActiveCfg = Debug|Any CPU
		{9B772A68-CF03-4418-8B38-A66B73899C3E}.Debug|Any CPU.Build.0 = Debug|Any CPU
		{9B772A68-CF03-4418-8B38-A66B73899C3E}.Release|Any CPU.ActiveCfg = Release|Any CPU
		{9B772A68-CF03-4418-8B38-A66B73899C3E}.Release|Any CPU.Build.0 = Release|Any CPU
		{A4F6D737-EEF7-428E-B351-2F448C51A820}.Debug|Any CPU.ActiveCfg = Debug|Any CPU
		{A4F6D737-EEF7-428E-B351-2F448C51A820}.Debug|Any CPU.Build.0 = Debug|Any CPU
		{A4F6D737-EEF7-428E-B351-2F448C51A820}.Release|Any CPU.ActiveCfg = Release|Any CPU
		{A4F6D737-EEF7-428E-B351-2F448C51A820}.Release|Any CPU.Build.0 = Release|Any CPU
		{19E60F27-26AC-46D6-89EA-306B84397AD6}.Debug|Any CPU.ActiveCfg = Debug|Any CPU
		{19E60F27-26AC-46D6-89EA-306B84397AD6}.Debug|Any CPU.Build.0 = Debug|Any CPU
		{19E60F27-26AC-46D6-89EA-306B84397AD6}.Release|Any CPU.ActiveCfg = Release|Any CPU
		{19E60F27-26AC-46D6-89EA-306B84397AD6}.Release|Any CPU.Build.0 = Release|Any CPU
		{53586A1B-7A8D-486A-A647-ACEE56D40FC9}.Debug|Any CPU.ActiveCfg = Debug|Any CPU
		{53586A1B-7A8D-486A-A647-ACEE56D40FC9}.Debug|Any CPU.Build.0 = Debug|Any CPU
		{53586A1B-7A8D-486A-A647-ACEE56D40FC9}.Release|Any CPU.ActiveCfg = Release|Any CPU
		{53586A1B-7A8D-486A-A647-ACEE56D40FC9}.Release|Any CPU.Build.0 = Release|Any CPU
		{4EB07D13-46D5-4FFF-98B7-8EF32402E065}.Debug|Any CPU.ActiveCfg = Debug|Any CPU
		{4EB07D13-46D5-4FFF-98B7-8EF32402E065}.Debug|Any CPU.Build.0 = Debug|Any CPU
		{4EB07D13-46D5-4FFF-98B7-8EF32402E065}.Release|Any CPU.ActiveCfg = Release|Any CPU
		{4EB07D13-46D5-4FFF-98B7-8EF32402E065}.Release|Any CPU.Build.0 = Release|Any CPU
		{45114A58-80A3-4520-96AE-8EF1B0C89F20}.Debug|Any CPU.ActiveCfg = Debug|Any CPU
		{45114A58-80A3-4520-96AE-8EF1B0C89F20}.Debug|Any CPU.Build.0 = Debug|Any CPU
		{45114A58-80A3-4520-96AE-8EF1B0C89F20}.Release|Any CPU.ActiveCfg = Release|Any CPU
		{45114A58-80A3-4520-96AE-8EF1B0C89F20}.Release|Any CPU.Build.0 = Release|Any CPU
	EndGlobalSection
	GlobalSection(SolutionProperties) = preSolution
		HideSolutionNode = FALSE
	EndGlobalSection
	GlobalSection(ExtensibilityGlobals) = postSolution
		SolutionGuid = {2442D0DD-0DAA-4DAD-AEE9-EE15812BD797}
	EndGlobalSection
EndGlobal
